// !$*UTF8*$!
{
	archiveVersion = 1;
	classes = {
	};
	objectVersion = 46;
	objects = {

/* Begin PBXAggregateTarget section */
		230764D718F9BF010023D708 /* Mogen */ = {
			isa = PBXAggregateTarget;
			buildConfigurationList = 230764D818F9BF010023D708 /* Build configuration list for PBXAggregateTarget "Mogen" */;
			buildPhases = (
				230764DB18F9BF080023D708 /* ShellScript */,
			);
			dependencies = (
			);
			name = Mogen;
			productName = Mogen;
		};
/* End PBXAggregateTarget section */

/* Begin PBXBuildFile section */
		230764D618F9BA9A0023D708 /* AntiFraude.xcdatamodeld in Sources */ = {isa = PBXBuildFile; fileRef = 230764D418F9BA9A0023D708 /* AntiFraude.xcdatamodeld */; };
		230764E218F9C0070023D708 /* AFHActivity.m in Sources */ = {isa = PBXBuildFile; fileRef = 230764DE18F9C0070023D708 /* AFHActivity.m */; };
		230764E318F9C0070023D708 /* _AFHActivity.m in Sources */ = {isa = PBXBuildFile; fileRef = 230764E118F9C0070023D708 /* _AFHActivity.m */; };
		230764E618F9C15E0023D708 /* Parse.framework in Frameworks */ = {isa = PBXBuildFile; fileRef = 230764E518F9C15E0023D708 /* Parse.framework */; };
		230764E818F9C17D0023D708 /* AudioToolbox.framework in Frameworks */ = {isa = PBXBuildFile; fileRef = 230764E718F9C17D0023D708 /* AudioToolbox.framework */; };
		230764EA18F9C1850023D708 /* CFNetwork.framework in Frameworks */ = {isa = PBXBuildFile; fileRef = 230764E918F9C1850023D708 /* CFNetwork.framework */; };
		230764EC18F9C1920023D708 /* CoreLocation.framework in Frameworks */ = {isa = PBXBuildFile; fileRef = 230764EB18F9C1920023D708 /* CoreLocation.framework */; };
		230764EE18F9C1980023D708 /* libz.dylib in Frameworks */ = {isa = PBXBuildFile; fileRef = 230764ED18F9C1980023D708 /* libz.dylib */; };
		230764F018F9C19E0023D708 /* MobileCoreServices.framework in Frameworks */ = {isa = PBXBuildFile; fileRef = 230764EF18F9C19E0023D708 /* MobileCoreServices.framework */; };
		230764F218F9C1A30023D708 /* QuartzCore.framework in Frameworks */ = {isa = PBXBuildFile; fileRef = 230764F118F9C1A30023D708 /* QuartzCore.framework */; };
		230764F418F9C1AB0023D708 /* Security.framework in Frameworks */ = {isa = PBXBuildFile; fileRef = 230764F318F9C1AB0023D708 /* Security.framework */; };
		230764F618F9C1B20023D708 /* StoreKit.framework in Frameworks */ = {isa = PBXBuildFile; fileRef = 230764F518F9C1B20023D708 /* StoreKit.framework */; };
		230764F818F9C1C90023D708 /* SystemConfiguration.framework in Frameworks */ = {isa = PBXBuildFile; fileRef = 230764F718F9C1C90023D708 /* SystemConfiguration.framework */; };
		230764FE18F9DC6B0023D708 /* AFHCoreDataChief.m in Sources */ = {isa = PBXBuildFile; fileRef = 230764FD18F9DC6B0023D708 /* AFHCoreDataChief.m */; };
		2307650218F9DC980023D708 /* AFHParseChief.m in Sources */ = {isa = PBXBuildFile; fileRef = 2307650118F9DC980023D708 /* AFHParseChief.m */; };
		2307650A18F9E3A50023D708 /* NWComposedTableViewDataSource.m in Sources */ = {isa = PBXBuildFile; fileRef = 2307650518F9E3A50023D708 /* NWComposedTableViewDataSource.m */; };
		2307650B18F9E3A50023D708 /* NWCoreData.m in Sources */ = {isa = PBXBuildFile; fileRef = 2307650718F9E3A50023D708 /* NWCoreData.m */; };
		2307650C18F9E3A50023D708 /* NWCoreDataChief.m in Sources */ = {isa = PBXBuildFile; fileRef = 2307650918F9E3A50023D708 /* NWCoreDataChief.m */; };
		2307650E18F9E4CE0023D708 /* NWLogging.framework in Frameworks */ = {isa = PBXBuildFile; fileRef = 2307650D18F9E4CE0023D708 /* NWLogging.framework */; };
		2307651118F9F79C0023D708 /* AFHActivity+Parse.m in Sources */ = {isa = PBXBuildFile; fileRef = 2307651018F9F79C0023D708 /* AFHActivity+Parse.m */; };
		2307651418F9F8A50023D708 /* AFHParseConstants.m in Sources */ = {isa = PBXBuildFile; fileRef = 2307651318F9F8A50023D708 /* AFHParseConstants.m */; };
		23CCA44C18F9294A00C4EEE8 /* Foundation.framework in Frameworks */ = {isa = PBXBuildFile; fileRef = 23CCA44B18F9294A00C4EEE8 /* Foundation.framework */; };
		23CCA44E18F9294A00C4EEE8 /* CoreGraphics.framework in Frameworks */ = {isa = PBXBuildFile; fileRef = 23CCA44D18F9294A00C4EEE8 /* CoreGraphics.framework */; };
		23CCA45018F9294A00C4EEE8 /* UIKit.framework in Frameworks */ = {isa = PBXBuildFile; fileRef = 23CCA44F18F9294A00C4EEE8 /* UIKit.framework */; };
		23CCA45618F9294A00C4EEE8 /* InfoPlist.strings in Resources */ = {isa = PBXBuildFile; fileRef = 23CCA45418F9294A00C4EEE8 /* InfoPlist.strings */; };
		23CCA45818F9294A00C4EEE8 /* main.m in Sources */ = {isa = PBXBuildFile; fileRef = 23CCA45718F9294A00C4EEE8 /* main.m */; };
		23CCA45C18F9294A00C4EEE8 /* AFHAppDelegate.m in Sources */ = {isa = PBXBuildFile; fileRef = 23CCA45B18F9294A00C4EEE8 /* AFHAppDelegate.m */; };
		23CCA45F18F9294A00C4EEE8 /* Main.storyboard in Resources */ = {isa = PBXBuildFile; fileRef = 23CCA45D18F9294A00C4EEE8 /* Main.storyboard */; };
		23CCA46218F9294A00C4EEE8 /* AFHViewController.m in Sources */ = {isa = PBXBuildFile; fileRef = 23CCA46118F9294A00C4EEE8 /* AFHViewController.m */; };
		23CCA46418F9294A00C4EEE8 /* Images.xcassets in Resources */ = {isa = PBXBuildFile; fileRef = 23CCA46318F9294A00C4EEE8 /* Images.xcassets */; };
		23CCA46B18F9294A00C4EEE8 /* XCTest.framework in Frameworks */ = {isa = PBXBuildFile; fileRef = 23CCA46A18F9294A00C4EEE8 /* XCTest.framework */; };
		23CCA46C18F9294A00C4EEE8 /* Foundation.framework in Frameworks */ = {isa = PBXBuildFile; fileRef = 23CCA44B18F9294A00C4EEE8 /* Foundation.framework */; };
		23CCA46D18F9294A00C4EEE8 /* UIKit.framework in Frameworks */ = {isa = PBXBuildFile; fileRef = 23CCA44F18F9294A00C4EEE8 /* UIKit.framework */; };
		23CCA47518F9294A00C4EEE8 /* InfoPlist.strings in Resources */ = {isa = PBXBuildFile; fileRef = 23CCA47318F9294A00C4EEE8 /* InfoPlist.strings */; };
		23CCA47718F9294A00C4EEE8 /* AntiFraudeHackathonTests.m in Sources */ = {isa = PBXBuildFile; fileRef = 23CCA47618F9294A00C4EEE8 /* AntiFraudeHackathonTests.m */; };
		ABE7F2E918F97BBB001DCE83 /* AFHTableViewController.m in Sources */ = {isa = PBXBuildFile; fileRef = ABE7F2E818F97BBB001DCE83 /* AFHTableViewController.m */; };
		ABE7F2EC18F97C40001DCE83 /* AFHDataObject.m in Sources */ = {isa = PBXBuildFile; fileRef = ABE7F2EB18F97C40001DCE83 /* AFHDataObject.m */; };
		ABE7F2EE18F99CFF001DCE83 /* MapKit.framework in Frameworks */ = {isa = PBXBuildFile; fileRef = ABE7F2ED18F99CFF001DCE83 /* MapKit.framework */; };
		ABE7F2F318F99D7C001DCE83 /* AFHDetailViewController.m in Sources */ = {isa = PBXBuildFile; fileRef = ABE7F2F218F99D7C001DCE83 /* AFHDetailViewController.m */; };
/* End PBXBuildFile section */

/* Begin PBXContainerItemProxy section */
		23CCA46E18F9294A00C4EEE8 /* PBXContainerItemProxy */ = {
			isa = PBXContainerItemProxy;
			containerPortal = 23CCA44018F9294A00C4EEE8 /* Project object */;
			proxyType = 1;
			remoteGlobalIDString = 23CCA44718F9294A00C4EEE8;
			remoteInfo = AntiFraudeHackathon;
		};
/* End PBXContainerItemProxy section */

/* Begin PBXFileReference section */
		230764D518F9BA9A0023D708 /* AntiFraude.xcdatamodel */ = {isa = PBXFileReference; lastKnownFileType = wrapper.xcdatamodel; path = AntiFraude.xcdatamodel; sourceTree = "<group>"; };
		230764DD18F9C0070023D708 /* AFHActivity.h */ = {isa = PBXFileReference; fileEncoding = 4; lastKnownFileType = sourcecode.c.h; path = AFHActivity.h; sourceTree = "<group>"; };
		230764DE18F9C0070023D708 /* AFHActivity.m */ = {isa = PBXFileReference; fileEncoding = 4; lastKnownFileType = sourcecode.c.objc; path = AFHActivity.m; sourceTree = "<group>"; };
		230764E018F9C0070023D708 /* _AFHActivity.h */ = {isa = PBXFileReference; fileEncoding = 4; lastKnownFileType = sourcecode.c.h; path = _AFHActivity.h; sourceTree = "<group>"; };
		230764E118F9C0070023D708 /* _AFHActivity.m */ = {isa = PBXFileReference; fileEncoding = 4; lastKnownFileType = sourcecode.c.objc; path = _AFHActivity.m; sourceTree = "<group>"; };
		230764E518F9C15E0023D708 /* Parse.framework */ = {isa = PBXFileReference; lastKnownFileType = wrapper.framework; path = Parse.framework; sourceTree = "<group>"; };
		230764E718F9C17D0023D708 /* AudioToolbox.framework */ = {isa = PBXFileReference; lastKnownFileType = wrapper.framework; name = AudioToolbox.framework; path = System/Library/Frameworks/AudioToolbox.framework; sourceTree = SDKROOT; };
		230764E918F9C1850023D708 /* CFNetwork.framework */ = {isa = PBXFileReference; lastKnownFileType = wrapper.framework; name = CFNetwork.framework; path = System/Library/Frameworks/CFNetwork.framework; sourceTree = SDKROOT; };
		230764EB18F9C1920023D708 /* CoreLocation.framework */ = {isa = PBXFileReference; lastKnownFileType = wrapper.framework; name = CoreLocation.framework; path = System/Library/Frameworks/CoreLocation.framework; sourceTree = SDKROOT; };
		230764ED18F9C1980023D708 /* libz.dylib */ = {isa = PBXFileReference; lastKnownFileType = "compiled.mach-o.dylib"; name = libz.dylib; path = usr/lib/libz.dylib; sourceTree = SDKROOT; };
		230764EF18F9C19E0023D708 /* MobileCoreServices.framework */ = {isa = PBXFileReference; lastKnownFileType = wrapper.framework; name = MobileCoreServices.framework; path = System/Library/Frameworks/MobileCoreServices.framework; sourceTree = SDKROOT; };
		230764F118F9C1A30023D708 /* QuartzCore.framework */ = {isa = PBXFileReference; lastKnownFileType = wrapper.framework; name = QuartzCore.framework; path = System/Library/Frameworks/QuartzCore.framework; sourceTree = SDKROOT; };
		230764F318F9C1AB0023D708 /* Security.framework */ = {isa = PBXFileReference; lastKnownFileType = wrapper.framework; name = Security.framework; path = System/Library/Frameworks/Security.framework; sourceTree = SDKROOT; };
		230764F518F9C1B20023D708 /* StoreKit.framework */ = {isa = PBXFileReference; lastKnownFileType = wrapper.framework; name = StoreKit.framework; path = System/Library/Frameworks/StoreKit.framework; sourceTree = SDKROOT; };
		230764F718F9C1C90023D708 /* SystemConfiguration.framework */ = {isa = PBXFileReference; lastKnownFileType = wrapper.framework; name = SystemConfiguration.framework; path = System/Library/Frameworks/SystemConfiguration.framework; sourceTree = SDKROOT; };
		230764FC18F9DC6B0023D708 /* AFHCoreDataChief.h */ = {isa = PBXFileReference; fileEncoding = 4; lastKnownFileType = sourcecode.c.h; path = AFHCoreDataChief.h; sourceTree = "<group>"; };
		230764FD18F9DC6B0023D708 /* AFHCoreDataChief.m */ = {isa = PBXFileReference; fileEncoding = 4; lastKnownFileType = sourcecode.c.objc; path = AFHCoreDataChief.m; sourceTree = "<group>"; };
		2307650018F9DC980023D708 /* AFHParseChief.h */ = {isa = PBXFileReference; fileEncoding = 4; lastKnownFileType = sourcecode.c.h; path = AFHParseChief.h; sourceTree = "<group>"; };
		2307650118F9DC980023D708 /* AFHParseChief.m */ = {isa = PBXFileReference; fileEncoding = 4; lastKnownFileType = sourcecode.c.objc; path = AFHParseChief.m; sourceTree = "<group>"; };
		2307650418F9E3A50023D708 /* NWComposedTableViewDataSource.h */ = {isa = PBXFileReference; fileEncoding = 4; lastKnownFileType = sourcecode.c.h; path = NWComposedTableViewDataSource.h; sourceTree = "<group>"; };
		2307650518F9E3A50023D708 /* NWComposedTableViewDataSource.m */ = {isa = PBXFileReference; fileEncoding = 4; lastKnownFileType = sourcecode.c.objc; path = NWComposedTableViewDataSource.m; sourceTree = "<group>"; };
		2307650618F9E3A50023D708 /* NWCoreData.h */ = {isa = PBXFileReference; fileEncoding = 4; lastKnownFileType = sourcecode.c.h; path = NWCoreData.h; sourceTree = "<group>"; };
		2307650718F9E3A50023D708 /* NWCoreData.m */ = {isa = PBXFileReference; fileEncoding = 4; lastKnownFileType = sourcecode.c.objc; path = NWCoreData.m; sourceTree = "<group>"; };
		2307650818F9E3A50023D708 /* NWCoreDataChief.h */ = {isa = PBXFileReference; fileEncoding = 4; lastKnownFileType = sourcecode.c.h; path = NWCoreDataChief.h; sourceTree = "<group>"; };
		2307650918F9E3A50023D708 /* NWCoreDataChief.m */ = {isa = PBXFileReference; fileEncoding = 4; lastKnownFileType = sourcecode.c.objc; path = NWCoreDataChief.m; sourceTree = "<group>"; };
		2307650D18F9E4CE0023D708 /* NWLogging.framework */ = {isa = PBXFileReference; lastKnownFileType = wrapper.framework; path = NWLogging.framework; sourceTree = "<group>"; };
		2307650F18F9F79C0023D708 /* AFHActivity+Parse.h */ = {isa = PBXFileReference; fileEncoding = 4; lastKnownFileType = sourcecode.c.h; path = "AFHActivity+Parse.h"; sourceTree = "<group>"; };
		2307651018F9F79C0023D708 /* AFHActivity+Parse.m */ = {isa = PBXFileReference; fileEncoding = 4; lastKnownFileType = sourcecode.c.objc; path = "AFHActivity+Parse.m"; sourceTree = "<group>"; };
		2307651218F9F8A50023D708 /* AFHParseConstants.h */ = {isa = PBXFileReference; fileEncoding = 4; lastKnownFileType = sourcecode.c.h; path = AFHParseConstants.h; sourceTree = "<group>"; };
		2307651318F9F8A50023D708 /* AFHParseConstants.m */ = {isa = PBXFileReference; fileEncoding = 4; lastKnownFileType = sourcecode.c.objc; path = AFHParseConstants.m; sourceTree = "<group>"; };
		23CCA44818F9294A00C4EEE8 /* AntiFraudeHackathon.app */ = {isa = PBXFileReference; explicitFileType = wrapper.application; includeInIndex = 0; path = AntiFraudeHackathon.app; sourceTree = BUILT_PRODUCTS_DIR; };
		23CCA44B18F9294A00C4EEE8 /* Foundation.framework */ = {isa = PBXFileReference; lastKnownFileType = wrapper.framework; name = Foundation.framework; path = System/Library/Frameworks/Foundation.framework; sourceTree = SDKROOT; };
		23CCA44D18F9294A00C4EEE8 /* CoreGraphics.framework */ = {isa = PBXFileReference; lastKnownFileType = wrapper.framework; name = CoreGraphics.framework; path = System/Library/Frameworks/CoreGraphics.framework; sourceTree = SDKROOT; };
		23CCA44F18F9294A00C4EEE8 /* UIKit.framework */ = {isa = PBXFileReference; lastKnownFileType = wrapper.framework; name = UIKit.framework; path = System/Library/Frameworks/UIKit.framework; sourceTree = SDKROOT; };
		23CCA45318F9294A00C4EEE8 /* AntiFraudeHackathon-Info.plist */ = {isa = PBXFileReference; lastKnownFileType = text.plist.xml; path = "AntiFraudeHackathon-Info.plist"; sourceTree = "<group>"; };
		23CCA45518F9294A00C4EEE8 /* en */ = {isa = PBXFileReference; lastKnownFileType = text.plist.strings; name = en; path = en.lproj/InfoPlist.strings; sourceTree = "<group>"; };
		23CCA45718F9294A00C4EEE8 /* main.m */ = {isa = PBXFileReference; lastKnownFileType = sourcecode.c.objc; path = main.m; sourceTree = "<group>"; };
		23CCA45918F9294A00C4EEE8 /* AntiFraudeHackathon-Prefix.pch */ = {isa = PBXFileReference; lastKnownFileType = sourcecode.c.h; path = "AntiFraudeHackathon-Prefix.pch"; sourceTree = "<group>"; };
		23CCA45A18F9294A00C4EEE8 /* AFHAppDelegate.h */ = {isa = PBXFileReference; lastKnownFileType = sourcecode.c.h; path = AFHAppDelegate.h; sourceTree = "<group>"; };
		23CCA45B18F9294A00C4EEE8 /* AFHAppDelegate.m */ = {isa = PBXFileReference; lastKnownFileType = sourcecode.c.objc; path = AFHAppDelegate.m; sourceTree = "<group>"; };
		23CCA45E18F9294A00C4EEE8 /* Base */ = {isa = PBXFileReference; lastKnownFileType = file.storyboard; name = Base; path = Base.lproj/Main.storyboard; sourceTree = "<group>"; };
		23CCA46018F9294A00C4EEE8 /* AFHViewController.h */ = {isa = PBXFileReference; lastKnownFileType = sourcecode.c.h; path = AFHViewController.h; sourceTree = "<group>"; };
		23CCA46118F9294A00C4EEE8 /* AFHViewController.m */ = {isa = PBXFileReference; lastKnownFileType = sourcecode.c.objc; path = AFHViewController.m; sourceTree = "<group>"; };
		23CCA46318F9294A00C4EEE8 /* Images.xcassets */ = {isa = PBXFileReference; lastKnownFileType = folder.assetcatalog; path = Images.xcassets; sourceTree = "<group>"; };
		23CCA46918F9294A00C4EEE8 /* AntiFraudeHackathonTests.xctest */ = {isa = PBXFileReference; explicitFileType = wrapper.cfbundle; includeInIndex = 0; path = AntiFraudeHackathonTests.xctest; sourceTree = BUILT_PRODUCTS_DIR; };
		23CCA46A18F9294A00C4EEE8 /* XCTest.framework */ = {isa = PBXFileReference; lastKnownFileType = wrapper.framework; name = XCTest.framework; path = Library/Frameworks/XCTest.framework; sourceTree = DEVELOPER_DIR; };
		23CCA47218F9294A00C4EEE8 /* AntiFraudeHackathonTests-Info.plist */ = {isa = PBXFileReference; lastKnownFileType = text.plist.xml; path = "AntiFraudeHackathonTests-Info.plist"; sourceTree = "<group>"; };
		23CCA47418F9294A00C4EEE8 /* en */ = {isa = PBXFileReference; lastKnownFileType = text.plist.strings; name = en; path = en.lproj/InfoPlist.strings; sourceTree = "<group>"; };
		23CCA47618F9294A00C4EEE8 /* AntiFraudeHackathonTests.m */ = {isa = PBXFileReference; lastKnownFileType = sourcecode.c.objc; path = AntiFraudeHackathonTests.m; sourceTree = "<group>"; };
		ABE7F2E718F97BBB001DCE83 /* AFHTableViewController.h */ = {isa = PBXFileReference; fileEncoding = 4; lastKnownFileType = sourcecode.c.h; path = AFHTableViewController.h; sourceTree = "<group>"; };
		ABE7F2E818F97BBB001DCE83 /* AFHTableViewController.m */ = {isa = PBXFileReference; fileEncoding = 4; lastKnownFileType = sourcecode.c.objc; path = AFHTableViewController.m; sourceTree = "<group>"; };
		ABE7F2EA18F97C40001DCE83 /* AFHDataObject.h */ = {isa = PBXFileReference; fileEncoding = 4; lastKnownFileType = sourcecode.c.h; path = AFHDataObject.h; sourceTree = "<group>"; };
		ABE7F2EB18F97C40001DCE83 /* AFHDataObject.m */ = {isa = PBXFileReference; fileEncoding = 4; lastKnownFileType = sourcecode.c.objc; path = AFHDataObject.m; sourceTree = "<group>"; };
		ABE7F2ED18F99CFF001DCE83 /* MapKit.framework */ = {isa = PBXFileReference; lastKnownFileType = wrapper.framework; name = MapKit.framework; path = System/Library/Frameworks/MapKit.framework; sourceTree = SDKROOT; };
		ABE7F2F118F99D7C001DCE83 /* AFHDetailViewController.h */ = {isa = PBXFileReference; fileEncoding = 4; lastKnownFileType = sourcecode.c.h; path = AFHDetailViewController.h; sourceTree = "<group>"; };
		ABE7F2F218F99D7C001DCE83 /* AFHDetailViewController.m */ = {isa = PBXFileReference; fileEncoding = 4; lastKnownFileType = sourcecode.c.objc; path = AFHDetailViewController.m; sourceTree = "<group>"; };
/* End PBXFileReference section */

/* Begin PBXFrameworksBuildPhase section */
		23CCA44518F9294A00C4EEE8 /* Frameworks */ = {
			isa = PBXFrameworksBuildPhase;
			buildActionMask = 2147483647;
			files = (
				230764F818F9C1C90023D708 /* SystemConfiguration.framework in Frameworks */,
				230764F618F9C1B20023D708 /* StoreKit.framework in Frameworks */,
				230764F418F9C1AB0023D708 /* Security.framework in Frameworks */,
				230764F218F9C1A30023D708 /* QuartzCore.framework in Frameworks */,
				230764F018F9C19E0023D708 /* MobileCoreServices.framework in Frameworks */,
				230764EE18F9C1980023D708 /* libz.dylib in Frameworks */,
				230764EC18F9C1920023D708 /* CoreLocation.framework in Frameworks */,
				23CCA44E18F9294A00C4EEE8 /* CoreGraphics.framework in Frameworks */,
				230764EA18F9C1850023D708 /* CFNetwork.framework in Frameworks */,
				230764E818F9C17D0023D708 /* AudioToolbox.framework in Frameworks */,
				ABE7F2EE18F99CFF001DCE83 /* MapKit.framework in Frameworks */,
				2307650E18F9E4CE0023D708 /* NWLogging.framework in Frameworks */,
				23CCA45018F9294A00C4EEE8 /* UIKit.framework in Frameworks */,
				23CCA44C18F9294A00C4EEE8 /* Foundation.framework in Frameworks */,
				230764E618F9C15E0023D708 /* Parse.framework in Frameworks */,
			);
			runOnlyForDeploymentPostprocessing = 0;
		};
		23CCA46618F9294A00C4EEE8 /* Frameworks */ = {
			isa = PBXFrameworksBuildPhase;
			buildActionMask = 2147483647;
			files = (
				23CCA46B18F9294A00C4EEE8 /* XCTest.framework in Frameworks */,
				23CCA46D18F9294A00C4EEE8 /* UIKit.framework in Frameworks */,
				23CCA46C18F9294A00C4EEE8 /* Foundation.framework in Frameworks */,
			);
			runOnlyForDeploymentPostprocessing = 0;
		};
/* End PBXFrameworksBuildPhase section */

/* Begin PBXGroup section */
		230764D318F9BA850023D708 /* CoreData */ = {
			isa = PBXGroup;
			children = (
				230764DC18F9C0070023D708 /* Human */,
				230764DF18F9C0070023D708 /* Machine */,
				230764D418F9BA9A0023D708 /* AntiFraude.xcdatamodeld */,
				230764FC18F9DC6B0023D708 /* AFHCoreDataChief.h */,
				230764FD18F9DC6B0023D708 /* AFHCoreDataChief.m */,
			);
			path = CoreData;
			sourceTree = "<group>";
		};
		230764DC18F9C0070023D708 /* Human */ = {
			isa = PBXGroup;
			children = (
				230764DD18F9C0070023D708 /* AFHActivity.h */,
				230764DE18F9C0070023D708 /* AFHActivity.m */,
			);
			path = Human;
			sourceTree = "<group>";
		};
		230764DF18F9C0070023D708 /* Machine */ = {
			isa = PBXGroup;
			children = (
				230764E018F9C0070023D708 /* _AFHActivity.h */,
				230764E118F9C0070023D708 /* _AFHActivity.m */,
			);
			path = Machine;
			sourceTree = "<group>";
		};
		230764E418F9C15E0023D708 /* 3rdParty */ = {
			isa = PBXGroup;
			children = (
				2307650318F9E3A50023D708 /* NWTools */,
				2307650D18F9E4CE0023D708 /* NWLogging.framework */,
				230764E518F9C15E0023D708 /* Parse.framework */,
			);
			path = 3rdParty;
			sourceTree = "<group>";
		};
		230764FF18F9DC980023D708 /* Parse */ = {
			isa = PBXGroup;
			children = (
				2307651218F9F8A50023D708 /* AFHParseConstants.h */,
				2307651318F9F8A50023D708 /* AFHParseConstants.m */,
				2307650018F9DC980023D708 /* AFHParseChief.h */,
				2307650118F9DC980023D708 /* AFHParseChief.m */,
				2307650F18F9F79C0023D708 /* AFHActivity+Parse.h */,
				2307651018F9F79C0023D708 /* AFHActivity+Parse.m */,
			);
			path = Parse;
			sourceTree = "<group>";
		};
		2307650318F9E3A50023D708 /* NWTools */ = {
			isa = PBXGroup;
			children = (
				2307650418F9E3A50023D708 /* NWComposedTableViewDataSource.h */,
				2307650518F9E3A50023D708 /* NWComposedTableViewDataSource.m */,
				2307650618F9E3A50023D708 /* NWCoreData.h */,
				2307650718F9E3A50023D708 /* NWCoreData.m */,
				2307650818F9E3A50023D708 /* NWCoreDataChief.h */,
				2307650918F9E3A50023D708 /* NWCoreDataChief.m */,
			);
			path = NWTools;
			sourceTree = "<group>";
		};
		23CCA43F18F9294A00C4EEE8 = {
			isa = PBXGroup;
			children = (
				230764E418F9C15E0023D708 /* 3rdParty */,
				23CCA45118F9294A00C4EEE8 /* AntiFraudeHackathon */,
				23CCA47018F9294A00C4EEE8 /* AntiFraudeHackathonTests */,
				23CCA44A18F9294A00C4EEE8 /* Frameworks */,
				23CCA44918F9294A00C4EEE8 /* Products */,
			);
			sourceTree = "<group>";
		};
		23CCA44918F9294A00C4EEE8 /* Products */ = {
			isa = PBXGroup;
			children = (
				23CCA44818F9294A00C4EEE8 /* AntiFraudeHackathon.app */,
				23CCA46918F9294A00C4EEE8 /* AntiFraudeHackathonTests.xctest */,
			);
			name = Products;
			sourceTree = "<group>";
		};
		23CCA44A18F9294A00C4EEE8 /* Frameworks */ = {
			isa = PBXGroup;
			children = (
				230764F718F9C1C90023D708 /* SystemConfiguration.framework */,
				230764F518F9C1B20023D708 /* StoreKit.framework */,
				230764F318F9C1AB0023D708 /* Security.framework */,
				230764F118F9C1A30023D708 /* QuartzCore.framework */,
				230764EF18F9C19E0023D708 /* MobileCoreServices.framework */,
				230764ED18F9C1980023D708 /* libz.dylib */,
				230764EB18F9C1920023D708 /* CoreLocation.framework */,
				230764E918F9C1850023D708 /* CFNetwork.framework */,
				230764E718F9C17D0023D708 /* AudioToolbox.framework */,
				ABE7F2ED18F99CFF001DCE83 /* MapKit.framework */,
				23CCA44B18F9294A00C4EEE8 /* Foundation.framework */,
				23CCA44D18F9294A00C4EEE8 /* CoreGraphics.framework */,
				23CCA44F18F9294A00C4EEE8 /* UIKit.framework */,
				23CCA46A18F9294A00C4EEE8 /* XCTest.framework */,
			);
			name = Frameworks;
			sourceTree = "<group>";
		};
		23CCA45118F9294A00C4EEE8 /* AntiFraudeHackathon */ = {
			isa = PBXGroup;
			children = (
				230764FF18F9DC980023D708 /* Parse */,
				230764D318F9BA850023D708 /* CoreData */,
				23CCA45A18F9294A00C4EEE8 /* AFHAppDelegate.h */,
				23CCA45B18F9294A00C4EEE8 /* AFHAppDelegate.m */,
				23CCA45D18F9294A00C4EEE8 /* Main.storyboard */,
				ABE7F2F018F99D6C001DCE83 /* View Controllers */,
				ABE7F2EF18F99D62001DCE83 /* Model */,
				23CCA45218F9294A00C4EEE8 /* Supporting Files */,
				23CCA46318F9294A00C4EEE8 /* Images.xcassets */,
			);
			path = AntiFraudeHackathon;
			sourceTree = "<group>";
		};
		23CCA45218F9294A00C4EEE8 /* Supporting Files */ = {
			isa = PBXGroup;
			children = (
				23CCA45318F9294A00C4EEE8 /* AntiFraudeHackathon-Info.plist */,
				23CCA45418F9294A00C4EEE8 /* InfoPlist.strings */,
				23CCA45718F9294A00C4EEE8 /* main.m */,
				23CCA45918F9294A00C4EEE8 /* AntiFraudeHackathon-Prefix.pch */,
			);
			name = "Supporting Files";
			sourceTree = "<group>";
		};
		23CCA47018F9294A00C4EEE8 /* AntiFraudeHackathonTests */ = {
			isa = PBXGroup;
			children = (
				23CCA47618F9294A00C4EEE8 /* AntiFraudeHackathonTests.m */,
				23CCA47118F9294A00C4EEE8 /* Supporting Files */,
			);
			path = AntiFraudeHackathonTests;
			sourceTree = "<group>";
		};
		23CCA47118F9294A00C4EEE8 /* Supporting Files */ = {
			isa = PBXGroup;
			children = (
				23CCA47218F9294A00C4EEE8 /* AntiFraudeHackathonTests-Info.plist */,
				23CCA47318F9294A00C4EEE8 /* InfoPlist.strings */,
			);
			name = "Supporting Files";
			sourceTree = "<group>";
		};
		ABE7F2EF18F99D62001DCE83 /* Model */ = {
			isa = PBXGroup;
			children = (
				ABE7F2EA18F97C40001DCE83 /* AFHDataObject.h */,
				ABE7F2EB18F97C40001DCE83 /* AFHDataObject.m */,
			);
			name = Model;
			sourceTree = "<group>";
		};
		ABE7F2F018F99D6C001DCE83 /* View Controllers */ = {
			isa = PBXGroup;
			children = (
				23CCA46018F9294A00C4EEE8 /* AFHViewController.h */,
				23CCA46118F9294A00C4EEE8 /* AFHViewController.m */,
				ABE7F2E718F97BBB001DCE83 /* AFHTableViewController.h */,
				ABE7F2E818F97BBB001DCE83 /* AFHTableViewController.m */,
				ABE7F2F118F99D7C001DCE83 /* AFHDetailViewController.h */,
				ABE7F2F218F99D7C001DCE83 /* AFHDetailViewController.m */,
			);
			name = "View Controllers";
			sourceTree = "<group>";
		};
/* End PBXGroup section */

/* Begin PBXNativeTarget section */
		23CCA44718F9294A00C4EEE8 /* AntiFraudeHackathon */ = {
			isa = PBXNativeTarget;
			buildConfigurationList = 23CCA47A18F9294A00C4EEE8 /* Build configuration list for PBXNativeTarget "AntiFraudeHackathon" */;
			buildPhases = (
				23CCA44418F9294A00C4EEE8 /* Sources */,
				23CCA44518F9294A00C4EEE8 /* Frameworks */,
				23CCA44618F9294A00C4EEE8 /* Resources */,
			);
			buildRules = (
			);
			dependencies = (
			);
			name = AntiFraudeHackathon;
			productName = AntiFraudeHackathon;
			productReference = 23CCA44818F9294A00C4EEE8 /* AntiFraudeHackathon.app */;
			productType = "com.apple.product-type.application";
		};
		23CCA46818F9294A00C4EEE8 /* AntiFraudeHackathonTests */ = {
			isa = PBXNativeTarget;
			buildConfigurationList = 23CCA47D18F9294A00C4EEE8 /* Build configuration list for PBXNativeTarget "AntiFraudeHackathonTests" */;
			buildPhases = (
				23CCA46518F9294A00C4EEE8 /* Sources */,
				23CCA46618F9294A00C4EEE8 /* Frameworks */,
				23CCA46718F9294A00C4EEE8 /* Resources */,
			);
			buildRules = (
			);
			dependencies = (
				23CCA46F18F9294A00C4EEE8 /* PBXTargetDependency */,
			);
			name = AntiFraudeHackathonTests;
			productName = AntiFraudeHackathonTests;
			productReference = 23CCA46918F9294A00C4EEE8 /* AntiFraudeHackathonTests.xctest */;
			productType = "com.apple.product-type.bundle.unit-test";
		};
/* End PBXNativeTarget section */

/* Begin PBXProject section */
		23CCA44018F9294A00C4EEE8 /* Project object */ = {
			isa = PBXProject;
			attributes = {
				CLASSPREFIX = AFH;
				LastUpgradeCheck = 0510;
				ORGANIZATIONNAME = "V.o.f. Noodlewerk Apps";
				TargetAttributes = {
					23CCA46818F9294A00C4EEE8 = {
						TestTargetID = 23CCA44718F9294A00C4EEE8;
					};
				};
			};
			buildConfigurationList = 23CCA44318F9294A00C4EEE8 /* Build configuration list for PBXProject "AntiFraudeHackathon" */;
			compatibilityVersion = "Xcode 3.2";
			developmentRegion = English;
			hasScannedForEncodings = 0;
			knownRegions = (
				en,
				Base,
			);
			mainGroup = 23CCA43F18F9294A00C4EEE8;
			productRefGroup = 23CCA44918F9294A00C4EEE8 /* Products */;
			projectDirPath = "";
			projectRoot = "";
			targets = (
				23CCA44718F9294A00C4EEE8 /* AntiFraudeHackathon */,
				23CCA46818F9294A00C4EEE8 /* AntiFraudeHackathonTests */,
				230764D718F9BF010023D708 /* Mogen */,
			);
		};
/* End PBXProject section */

/* Begin PBXResourcesBuildPhase section */
		23CCA44618F9294A00C4EEE8 /* Resources */ = {
			isa = PBXResourcesBuildPhase;
			buildActionMask = 2147483647;
			files = (
				23CCA46418F9294A00C4EEE8 /* Images.xcassets in Resources */,
				23CCA45618F9294A00C4EEE8 /* InfoPlist.strings in Resources */,
				23CCA45F18F9294A00C4EEE8 /* Main.storyboard in Resources */,
			);
			runOnlyForDeploymentPostprocessing = 0;
		};
		23CCA46718F9294A00C4EEE8 /* Resources */ = {
			isa = PBXResourcesBuildPhase;
			buildActionMask = 2147483647;
			files = (
				23CCA47518F9294A00C4EEE8 /* InfoPlist.strings in Resources */,
			);
			runOnlyForDeploymentPostprocessing = 0;
		};
/* End PBXResourcesBuildPhase section */

/* Begin PBXShellScriptBuildPhase section */
		230764DB18F9BF080023D708 /* ShellScript */ = {
			isa = PBXShellScriptBuildPhase;
			buildActionMask = 2147483647;
			files = (
			);
			inputPaths = (
			);
			outputPaths = (
			);
			runOnlyForDeploymentPostprocessing = 0;
			shellPath = /bin/sh;
			shellScript = "#!/bin/sh\n\nPATH=${PATH}:/usr/local/bin\n\nmogenerator -m AntiFraudeHackathon/CoreData/AntiFraude.xcdatamodeld/AntiFraude.xcdatamodel -M AntiFraudeHackathon/CoreData/Machine -H AntiFraudeHackathon/CoreData/Human --template-var arc=true\n";
		};
/* End PBXShellScriptBuildPhase section */

/* Begin PBXSourcesBuildPhase section */
		23CCA44418F9294A00C4EEE8 /* Sources */ = {
			isa = PBXSourcesBuildPhase;
			buildActionMask = 2147483647;
			files = (
				230764D618F9BA9A0023D708 /* AntiFraude.xcdatamodeld in Sources */,
				23CCA46218F9294A00C4EEE8 /* AFHViewController.m in Sources */,
				230764FE18F9DC6B0023D708 /* AFHCoreDataChief.m in Sources */,
				2307650B18F9E3A50023D708 /* NWCoreData.m in Sources */,
				ABE7F2F318F99D7C001DCE83 /* AFHDetailViewController.m in Sources */,
				2307651418F9F8A50023D708 /* AFHParseConstants.m in Sources */,
				ABE7F2E918F97BBB001DCE83 /* AFHTableViewController.m in Sources */,
				230764E218F9C0070023D708 /* AFHActivity.m in Sources */,
				ABE7F2EC18F97C40001DCE83 /* AFHDataObject.m in Sources */,
				23CCA45C18F9294A00C4EEE8 /* AFHAppDelegate.m in Sources */,
				23CCA45818F9294A00C4EEE8 /* main.m in Sources */,
				2307651118F9F79C0023D708 /* AFHActivity+Parse.m in Sources */,
				2307650218F9DC980023D708 /* AFHParseChief.m in Sources */,
				2307650C18F9E3A50023D708 /* NWCoreDataChief.m in Sources */,
				230764E318F9C0070023D708 /* _AFHActivity.m in Sources */,
				2307650A18F9E3A50023D708 /* NWComposedTableViewDataSource.m in Sources */,
			);
			runOnlyForDeploymentPostprocessing = 0;
		};
		23CCA46518F9294A00C4EEE8 /* Sources */ = {
			isa = PBXSourcesBuildPhase;
			buildActionMask = 2147483647;
			files = (
				23CCA47718F9294A00C4EEE8 /* AntiFraudeHackathonTests.m in Sources */,
			);
			runOnlyForDeploymentPostprocessing = 0;
		};
/* End PBXSourcesBuildPhase section */

/* Begin PBXTargetDependency section */
		23CCA46F18F9294A00C4EEE8 /* PBXTargetDependency */ = {
			isa = PBXTargetDependency;
			target = 23CCA44718F9294A00C4EEE8 /* AntiFraudeHackathon */;
			targetProxy = 23CCA46E18F9294A00C4EEE8 /* PBXContainerItemProxy */;
		};
/* End PBXTargetDependency section */

/* Begin PBXVariantGroup section */
		23CCA45418F9294A00C4EEE8 /* InfoPlist.strings */ = {
			isa = PBXVariantGroup;
			children = (
				23CCA45518F9294A00C4EEE8 /* en */,
			);
			name = InfoPlist.strings;
			sourceTree = "<group>";
		};
		23CCA45D18F9294A00C4EEE8 /* Main.storyboard */ = {
			isa = PBXVariantGroup;
			children = (
				23CCA45E18F9294A00C4EEE8 /* Base */,
			);
			name = Main.storyboard;
			sourceTree = "<group>";
		};
		23CCA47318F9294A00C4EEE8 /* InfoPlist.strings */ = {
			isa = PBXVariantGroup;
			children = (
				23CCA47418F9294A00C4EEE8 /* en */,
			);
			name = InfoPlist.strings;
			sourceTree = "<group>";
		};
/* End PBXVariantGroup section */

/* Begin XCBuildConfiguration section */
		230764D918F9BF010023D708 /* Debug */ = {
			isa = XCBuildConfiguration;
			buildSettings = {
				PRODUCT_NAME = "$(TARGET_NAME)";
			};
			name = Debug;
		};
		230764DA18F9BF010023D708 /* Release */ = {
			isa = XCBuildConfiguration;
			buildSettings = {
				PRODUCT_NAME = "$(TARGET_NAME)";
			};
			name = Release;
		};
		23CCA47818F9294A00C4EEE8 /* Debug */ = {
			isa = XCBuildConfiguration;
			buildSettings = {
				ALWAYS_SEARCH_USER_PATHS = NO;
				CLANG_CXX_LANGUAGE_STANDARD = "gnu++0x";
				CLANG_CXX_LIBRARY = "libc++";
				CLANG_ENABLE_MODULES = YES;
				CLANG_ENABLE_OBJC_ARC = YES;
				CLANG_WARN_BOOL_CONVERSION = YES;
				CLANG_WARN_CONSTANT_CONVERSION = YES;
				CLANG_WARN_DIRECT_OBJC_ISA_USAGE = YES_ERROR;
				CLANG_WARN_EMPTY_BODY = YES;
				CLANG_WARN_ENUM_CONVERSION = YES;
				CLANG_WARN_INT_CONVERSION = YES;
				CLANG_WARN_OBJC_ROOT_CLASS = YES_ERROR;
				CLANG_WARN__DUPLICATE_METHOD_MATCH = YES;
				"CODE_SIGN_IDENTITY[sdk=iphoneos*]" = "iPhone Developer";
				COPY_PHASE_STRIP = NO;
				GCC_C_LANGUAGE_STANDARD = gnu99;
				GCC_DYNAMIC_NO_PIC = NO;
				GCC_OPTIMIZATION_LEVEL = 0;
				GCC_PREPROCESSOR_DEFINITIONS = (
					"DEBUG=1",
					"$(inherited)",
				);
				GCC_SYMBOLS_PRIVATE_EXTERN = NO;
				GCC_WARN_64_TO_32_BIT_CONVERSION = YES;
				GCC_WARN_ABOUT_RETURN_TYPE = YES_ERROR;
				GCC_WARN_UNDECLARED_SELECTOR = YES;
				GCC_WARN_UNINITIALIZED_AUTOS = YES_AGGRESSIVE;
				GCC_WARN_UNUSED_FUNCTION = YES;
				GCC_WARN_UNUSED_VARIABLE = YES;
				IPHONEOS_DEPLOYMENT_TARGET = 7.1;
				ONLY_ACTIVE_ARCH = YES;
				SDKROOT = iphoneos;
			};
			name = Debug;
		};
		23CCA47918F9294A00C4EEE8 /* Release */ = {
			isa = XCBuildConfiguration;
			buildSettings = {
				ALWAYS_SEARCH_USER_PATHS = NO;
				CLANG_CXX_LANGUAGE_STANDARD = "gnu++0x";
				CLANG_CXX_LIBRARY = "libc++";
				CLANG_ENABLE_MODULES = YES;
				CLANG_ENABLE_OBJC_ARC = YES;
				CLANG_WARN_BOOL_CONVERSION = YES;
				CLANG_WARN_CONSTANT_CONVERSION = YES;
				CLANG_WARN_DIRECT_OBJC_ISA_USAGE = YES_ERROR;
				CLANG_WARN_EMPTY_BODY = YES;
				CLANG_WARN_ENUM_CONVERSION = YES;
				CLANG_WARN_INT_CONVERSION = YES;
				CLANG_WARN_OBJC_ROOT_CLASS = YES_ERROR;
				CLANG_WARN__DUPLICATE_METHOD_MATCH = YES;
				"CODE_SIGN_IDENTITY[sdk=iphoneos*]" = "iPhone Developer";
				COPY_PHASE_STRIP = YES;
				ENABLE_NS_ASSERTIONS = NO;
				GCC_C_LANGUAGE_STANDARD = gnu99;
				GCC_WARN_64_TO_32_BIT_CONVERSION = YES;
				GCC_WARN_ABOUT_RETURN_TYPE = YES_ERROR;
				GCC_WARN_UNDECLARED_SELECTOR = YES;
				GCC_WARN_UNINITIALIZED_AUTOS = YES_AGGRESSIVE;
				GCC_WARN_UNUSED_FUNCTION = YES;
				GCC_WARN_UNUSED_VARIABLE = YES;
				IPHONEOS_DEPLOYMENT_TARGET = 7.1;
				SDKROOT = iphoneos;
				VALIDATE_PRODUCT = YES;
			};
			name = Release;
		};
		23CCA47B18F9294A00C4EEE8 /* Debug */ = {
			isa = XCBuildConfiguration;
			buildSettings = {
				ASSETCATALOG_COMPILER_APPICON_NAME = AppIcon;
				ASSETCATALOG_COMPILER_LAUNCHIMAGE_NAME = LaunchImage;
				FRAMEWORK_SEARCH_PATHS = (
					"$(inherited)",
					"$(PROJECT_DIR)/3rdParty",
				);
				GCC_PRECOMPILE_PREFIX_HEADER = YES;
				GCC_PREFIX_HEADER = "AntiFraudeHackathon/AntiFraudeHackathon-Prefix.pch";
				INFOPLIST_FILE = "AntiFraudeHackathon/AntiFraudeHackathon-Info.plist";
				PRODUCT_NAME = "$(TARGET_NAME)";
				PROVISIONING_PROFILE = "6ABEF3BC-3157-4B64-9C7E-A01B2B3A0ABF";
				WRAPPER_EXTENSION = app;
			};
			name = Debug;
		};
		23CCA47C18F9294A00C4EEE8 /* Release */ = {
			isa = XCBuildConfiguration;
			buildSettings = {
				ASSETCATALOG_COMPILER_APPICON_NAME = AppIcon;
				ASSETCATALOG_COMPILER_LAUNCHIMAGE_NAME = LaunchImage;
				FRAMEWORK_SEARCH_PATHS = (
					"$(inherited)",
					"$(PROJECT_DIR)/3rdParty",
				);
				GCC_PRECOMPILE_PREFIX_HEADER = YES;
				GCC_PREFIX_HEADER = "AntiFraudeHackathon/AntiFraudeHackathon-Prefix.pch";
				INFOPLIST_FILE = "AntiFraudeHackathon/AntiFraudeHackathon-Info.plist";
				PRODUCT_NAME = "$(TARGET_NAME)";
				PROVISIONING_PROFILE = "6ABEF3BC-3157-4B64-9C7E-A01B2B3A0ABF";
				WRAPPER_EXTENSION = app;
			};
			name = Release;
		};
		23CCA47E18F9294A00C4EEE8 /* Debug */ = {
			isa = XCBuildConfiguration;
			buildSettings = {
				BUNDLE_LOADER = "$(BUILT_PRODUCTS_DIR)/AntiFraudeHackathon.app/AntiFraudeHackathon";
				FRAMEWORK_SEARCH_PATHS = (
					"$(SDKROOT)/Developer/Library/Frameworks",
					"$(inherited)",
					"$(DEVELOPER_FRAMEWORKS_DIR)",
				);
				GCC_PRECOMPILE_PREFIX_HEADER = YES;
				GCC_PREFIX_HEADER = "AntiFraudeHackathon/AntiFraudeHackathon-Prefix.pch";
				GCC_PREPROCESSOR_DEFINITIONS = (
					"DEBUG=1",
					"$(inherited)",
				);
				INFOPLIST_FILE = "AntiFraudeHackathonTests/AntiFraudeHackathonTests-Info.plist";
				PRODUCT_NAME = "$(TARGET_NAME)";
				TEST_HOST = "$(BUNDLE_LOADER)";
				WRAPPER_EXTENSION = xctest;
			};
			name = Debug;
		};
		23CCA47F18F9294A00C4EEE8 /* Release */ = {
			isa = XCBuildConfiguration;
			buildSettings = {
				BUNDLE_LOADER = "$(BUILT_PRODUCTS_DIR)/AntiFraudeHackathon.app/AntiFraudeHackathon";
				FRAMEWORK_SEARCH_PATHS = (
					"$(SDKROOT)/Developer/Library/Frameworks",
					"$(inherited)",
					"$(DEVELOPER_FRAMEWORKS_DIR)",
				);
				GCC_PRECOMPILE_PREFIX_HEADER = YES;
				GCC_PREFIX_HEADER = "AntiFraudeHackathon/AntiFraudeHackathon-Prefix.pch";
				INFOPLIST_FILE = "AntiFraudeHackathonTests/AntiFraudeHackathonTests-Info.plist";
				PRODUCT_NAME = "$(TARGET_NAME)";
				TEST_HOST = "$(BUNDLE_LOADER)";
				WRAPPER_EXTENSION = xctest;
			};
			name = Release;
		};
/* End XCBuildConfiguration section */

/* Begin XCConfigurationList section */
		230764D818F9BF010023D708 /* Build configuration list for PBXAggregateTarget "Mogen" */ = {
			isa = XCConfigurationList;
			buildConfigurations = (
				230764D918F9BF010023D708 /* Debug */,
				230764DA18F9BF010023D708 /* Release */,
			);
			defaultConfigurationIsVisible = 0;
		};
		23CCA44318F9294A00C4EEE8 /* Build configuration list for PBXProject "AntiFraudeHackathon" */ = {
			isa = XCConfigurationList;
			buildConfigurations = (
				23CCA47818F9294A00C4EEE8 /* Debug */,
				23CCA47918F9294A00C4EEE8 /* Release */,
			);
			defaultConfigurationIsVisible = 0;
			defaultConfigurationName = Release;
		};
		23CCA47A18F9294A00C4EEE8 /* Build configuration list for PBXNativeTarget "AntiFraudeHackathon" */ = {
			isa = XCConfigurationList;
			buildConfigurations = (
				23CCA47B18F9294A00C4EEE8 /* Debug */,
				23CCA47C18F9294A00C4EEE8 /* Release */,
			);
			defaultConfigurationIsVisible = 0;
			defaultConfigurationName = Release;
		};
		23CCA47D18F9294A00C4EEE8 /* Build configuration list for PBXNativeTarget "AntiFraudeHackathonTests" */ = {
			isa = XCConfigurationList;
			buildConfigurations = (
				23CCA47E18F9294A00C4EEE8 /* Debug */,
				23CCA47F18F9294A00C4EEE8 /* Release */,
			);
			defaultConfigurationIsVisible = 0;
			defaultConfigurationName = Release;
		};
/* End XCConfigurationList section */

/* Begin XCVersionGroup section */
		230764D418F9BA9A0023D708 /* AntiFraude.xcdatamodeld */ = {
			isa = XCVersionGroup;
			children = (
				230764D518F9BA9A0023D708 /* AntiFraude.xcdatamodel */,
			);
			currentVersion = 230764D518F9BA9A0023D708 /* AntiFraude.xcdatamodel */;
			path = AntiFraude.xcdatamodeld;
			sourceTree = "<group>";
			versionGroupType = wrapper.xcdatamodel;
		};
/* End XCVersionGroup section */
	};
	rootObject = 23CCA44018F9294A00C4EEE8 /* Project object */;
}
